
Microsoft Visual Studio Solution File, Format Version 12.00
# Visual Studio Version 16
VisualStudioVersion = 16.0.30128.74
MinimumVisualStudioVersion = 10.0.40219.1
Project("{FAE04EC0-301F-11D3-BF4B-00C04F79EFBC}") = "Corona.EXE", "Corona.EXE.csproj", "{CE87D184-34FB-4DB8-AE3C-28B8AD1FBC8D}"
EndProject
Global
	GlobalSection(SolutionConfigurationPlatforms) = preSolution
		Debug|Any CPU = Debug|Any CPU
		Release|Any CPU = Release|Any CPU
	EndGlobalSection
	GlobalSection(ProjectConfigurationPlatforms) = postSolution
		{CE87D184-34FB-4DB8-AE3C-28B8AD1FBC8D}.Debug|Any CPU.ActiveCfg = Debug|Any CPU
		{CE87D184-34FB-4DB8-AE3C-28B8AD1FBC8D}.Debug|Any CPU.Build.0 = Debug|Any CPU
		{CE87D184-34FB-4DB8-AE3C-28B8AD1FBC8D}.Release|Any CPU.ActiveCfg = Release|Any CPU
		{CE87D184-34FB-4DB8-AE3C-28B8AD1FBC8D}.Release|Any CPU.Build.0 = Release|Any CPU
	EndGlobalSection
	GlobalSection(SolutionProperties) = preSolution
		HideSolutionNode = FALSE
	EndGlobalSection
	GlobalSection(ExtensibilityGlobals) = postSolution
		SolutionGuid = {6C761047-D399-459E-B5C6-357385D7C8F0}
	EndGlobalSection
EndGlobal
